
Microsoft Visual Studio Solution File, Format Version 12.00
# Visual Studio Version 16
VisualStudioVersion = 16.0.32510.428
MinimumVisualStudioVersion = 10.0.40219.1
Project("{8BC9CEB8-8B4A-11D0-8D11-00A0C91BC942}") = "CANwacousb", "CANwacousb\CANwacousb.vcxproj", "{BE3EBB3D-1DE8-4FBB-94CE-4969A3EBFF6F}"
EndProject
Global
	GlobalSection(SolutionConfigurationPlatforms) = preSolution
		Debug|x86 = Debug|x86
		Release|x86 = Release|x86
	EndGlobalSection
	GlobalSection(ProjectConfigurationPlatforms) = postSolution
		{BE3EBB3D-1DE8-4FBB-94CE-4969A3EBFF6F}.Debug|x86.ActiveCfg = Debug|Win32
		{BE3EBB3D-1DE8-4FBB-94CE-4969A3EBFF6F}.Debug|x86.Build.0 = Debug|Win32
		{BE3EBB3D-1DE8-4FBB-94CE-4969A3EBFF6F}.Release|x86.ActiveCfg = Release|Win32
		{BE3EBB3D-1DE8-4FBB-94CE-4969A3EBFF6F}.Release|x86.Build.0 = Release|Win32
	EndGlobalSection
	GlobalSection(SolutionProperties) = preSolution
		HideSolutionNode = FALSE
	EndGlobalSection
	GlobalSection(ExtensibilityGlobals) = postSolution
		SolutionGuid = {96D11607-1B58-41A7-A22B-34C6A915D4E6}
	EndGlobalSection
EndGlobal
